
Microsoft Visual Studio Solution File, Format Version 12.00
# Visual Studio Version 17
VisualStudioVersion = 17.5.33627.172
MinimumVisualStudioVersion = 10.0.40219.1
Project("{FAE04EC0-301F-11D3-BF4B-00C04F79EFBC}") = "Telegram_bot", "Telegram_bot.csproj", "{D7FCF541-89EE-4566-917E-B3D52910D251}"
EndProject
Project("{2150E333-8FDC-42A3-9474-1A3956D46DE8}") = "NewFolder1", "NewFolder1", "{63CBF2AB-9331-4C45-9EAE-DCEB7D75946E}"
EndProject
Global
	GlobalSection(SolutionConfigurationPlatforms) = preSolution
		Debug|Any CPU = Debug|Any CPU
		Release|Any CPU = Release|Any CPU
	EndGlobalSection
	GlobalSection(ProjectConfigurationPlatforms) = postSolution
		{D7FCF541-89EE-4566-917E-B3D52910D251}.Debug|Any CPU.ActiveCfg = Debug|Any CPU
		{D7FCF541-89EE-4566-917E-B3D52910D251}.Debug|Any CPU.Build.0 = Debug|Any CPU
		{D7FCF541-89EE-4566-917E-B3D52910D251}.Release|Any CPU.ActiveCfg = Release|Any CPU
		{D7FCF541-89EE-4566-917E-B3D52910D251}.Release|Any CPU.Build.0 = Release|Any CPU
	EndGlobalSection
	GlobalSection(SolutionProperties) = preSolution
		HideSolutionNode = FALSE
	EndGlobalSection
	GlobalSection(ExtensibilityGlobals) = postSolution
		SolutionGuid = {A4ECFA06-A569-4C1C-95D4-4B7081FCA7D8}
	EndGlobalSection
EndGlobal
